
Microsoft Visual Studio Solution File, Format Version 12.00
# Visual Studio Version 16
VisualStudioVersion = 16.0.30523.141
MinimumVisualStudioVersion = 10.0.40219.1
Project("{FAE04EC0-301F-11D3-BF4B-00C04F79EFBC}") = "BudgetPlannerApi", "BudgetPlannerApi\BudgetPlannerApi.csproj", "{7359A787-B97E-4D49-9338-84310091B04F}"
EndProject
Global
	GlobalSection(SolutionConfigurationPlatforms) = preSolution
		Debug|Any CPU = Debug|Any CPU
		Release|Any CPU = Release|Any CPU
	EndGlobalSection
	GlobalSection(ProjectConfigurationPlatforms) = postSolution
		{7359A787-B97E-4D49-9338-84310091B04F}.Debug|Any CPU.ActiveCfg = Debug|Any CPU
		{7359A787-B97E-4D49-9338-84310091B04F}.Debug|Any CPU.Build.0 = Debug|Any CPU
		{7359A787-B97E-4D49-9338-84310091B04F}.Release|Any CPU.ActiveCfg = Release|Any CPU
		{7359A787-B97E-4D49-9338-84310091B04F}.Release|Any CPU.Build.0 = Release|Any CPU
	EndGlobalSection
	GlobalSection(SolutionProperties) = preSolution
		HideSolutionNode = FALSE
	EndGlobalSection
	GlobalSection(ExtensibilityGlobals) = postSolution
		SolutionGuid = {AEF65BD0-948D-442B-8B0F-AB52A37B8FFA}
	EndGlobalSection
EndGlobal
